// !$*UTF8*$!
{
	archiveVersion = 1;
	classes = {
	};
	objectVersion = 56;
	objects = {

/* Begin PBXBuildFile section */
		962CC2EB29D6709700048209 /* LoginController.m in Sources */ = {isa = PBXBuildFile; fileRef = 962CC2E429D6709700048209 /* LoginController.m */; };
		962CC2F229D670E400048209 /* AButton.m in Sources */ = {isa = PBXBuildFile; fileRef = 962CC2ED29D670E400048209 /* AButton.m */; };
		962CC2F329D670E400048209 /* ATextField.m in Sources */ = {isa = PBXBuildFile; fileRef = 962CC2EF29D670E400048209 /* ATextField.m */; };
		962CC2F429D670E400048209 /* AFourPingTransition.m in Sources */ = {isa = PBXBuildFile; fileRef = 962CC2F029D670E400048209 /* AFourPingTransition.m */; };
		962CC2F729D6759500048209 /* HomeController.m in Sources */ = {isa = PBXBuildFile; fileRef = 962CC2F629D6759500048209 /* HomeController.m */; };
		96CF334229D453CC00AB1783 /* AppDelegate.m in Sources */ = {isa = PBXBuildFile; fileRef = 96CF334129D453CC00AB1783 /* AppDelegate.m */; };
		96CF334529D453CC00AB1783 /* SceneDelegate.m in Sources */ = {isa = PBXBuildFile; fileRef = 96CF334429D453CC00AB1783 /* SceneDelegate.m */; };
		96CF334829D453CC00AB1783 /* ViewController.m in Sources */ = {isa = PBXBuildFile; fileRef = 96CF334729D453CC00AB1783 /* ViewController.m */; };
		96CF334B29D453CC00AB1783 /* Main.storyboard in Resources */ = {isa = PBXBuildFile; fileRef = 96CF334929D453CC00AB1783 /* Main.storyboard */; };
		96CF334D29D453CD00AB1783 /* Assets.xcassets in Resources */ = {isa = PBXBuildFile; fileRef = 96CF334C29D453CD00AB1783 /* Assets.xcassets */; };
		96CF335029D453CD00AB1783 /* LaunchScreen.storyboard in Resources */ = {isa = PBXBuildFile; fileRef = 96CF334E29D453CD00AB1783 /* LaunchScreen.storyboard */; };
		96CF335329D453CD00AB1783 /* main.m in Sources */ = {isa = PBXBuildFile; fileRef = 96CF335229D453CD00AB1783 /* main.m */; };
		96CF335D29D453CD00AB1783 /* homeTests.m in Sources */ = {isa = PBXBuildFile; fileRef = 96CF335C29D453CD00AB1783 /* homeTests.m */; };
		96CF336729D453CD00AB1783 /* homeUITests.m in Sources */ = {isa = PBXBuildFile; fileRef = 96CF336629D453CD00AB1783 /* homeUITests.m */; };
		96CF336929D453CD00AB1783 /* homeUITestsLaunchTests.m in Sources */ = {isa = PBXBuildFile; fileRef = 96CF336829D453CD00AB1783 /* homeUITestsLaunchTests.m */; };
		96FCF11E29FBB0F1000DD6DE /* PackagesDetailCell.m in Sources */ = {isa = PBXBuildFile; fileRef = 96FCF11829FBB0F1000DD6DE /* PackagesDetailCell.m */; };
		96FCF11F29FBB0F1000DD6DE /* PackagesDetailCCell.m in Sources */ = {isa = PBXBuildFile; fileRef = 96FCF11A29FBB0F1000DD6DE /* PackagesDetailCCell.m */; };
		96FCF12029FBB0F1000DD6DE /* PackagesDetailHeaderCell.m in Sources */ = {isa = PBXBuildFile; fileRef = 96FCF11C29FBB0F1000DD6DE /* PackagesDetailHeaderCell.m */; };
		96FCF12329FBB1B0000DD6DE /* 123.jpg in Resources */ = {isa = PBXBuildFile; fileRef = 96FCF12129FBB1B0000DD6DE /* 123.jpg */; };
		96FCF12429FBB1B0000DD6DE /* test.jpg in Resources */ = {isa = PBXBuildFile; fileRef = 96FCF12229FBB1B0000DD6DE /* test.jpg */; };
/* End PBXBuildFile section */

/* Begin PBXContainerItemProxy section */
		96CF335929D453CD00AB1783 /* PBXContainerItemProxy */ = {
			isa = PBXContainerItemProxy;
			containerPortal = 96CF333529D453CC00AB1783 /* Project object */;
			proxyType = 1;
			remoteGlobalIDString = 96CF333C29D453CC00AB1783;
			remoteInfo = home;
		};
		96CF336329D453CD00AB1783 /* PBXContainerItemProxy */ = {
			isa = PBXContainerItemProxy;
			containerPortal = 96CF333529D453CC00AB1783 /* Project object */;
			proxyType = 1;
			remoteGlobalIDString = 96CF333C29D453CC00AB1783;
			remoteInfo = home;
		};
/* End PBXContainerItemProxy section */

/* Begin PBXFileReference section */
		962CC2E429D6709700048209 /* LoginController.m */ = {isa = PBXFileReference; fileEncoding = 4; lastKnownFileType = sourcecode.c.objc; path = LoginController.m; sourceTree = "<group>"; };
		962CC2E529D6709700048209 /* LoginController.h */ = {isa = PBXFileReference; fileEncoding = 4; lastKnownFileType = sourcecode.c.h; path = LoginController.h; sourceTree = "<group>"; };
		962CC2EC29D670E400048209 /* AButton.h */ = {isa = PBXFileReference; fileEncoding = 4; lastKnownFileType = sourcecode.c.h; path = AButton.h; sourceTree = "<group>"; };
		962CC2ED29D670E400048209 /* AButton.m */ = {isa = PBXFileReference; fileEncoding = 4; lastKnownFileType = sourcecode.c.objc; path = AButton.m; sourceTree = "<group>"; };
		962CC2EE29D670E400048209 /* ATextField.h */ = {isa = PBXFileReference; fileEncoding = 4; lastKnownFileType = sourcecode.c.h; path = ATextField.h; sourceTree = "<group>"; };
		962CC2EF29D670E400048209 /* ATextField.m */ = {isa = PBXFileReference; fileEncoding = 4; lastKnownFileType = sourcecode.c.objc; path = ATextField.m; sourceTree = "<group>"; };
		962CC2F029D670E400048209 /* AFourPingTransition.m */ = {isa = PBXFileReference; fileEncoding = 4; lastKnownFileType = sourcecode.c.objc; path = AFourPingTransition.m; sourceTree = "<group>"; };
		962CC2F129D670E400048209 /* AFourPingTransition.h */ = {isa = PBXFileReference; fileEncoding = 4; lastKnownFileType = sourcecode.c.h; path = AFourPingTransition.h; sourceTree = "<group>"; };
		962CC2F529D6758300048209 /* HomeController.h */ = {isa = PBXFileReference; lastKnownFileType = sourcecode.c.h; path = HomeController.h; sourceTree = "<group>"; };
		962CC2F629D6759500048209 /* HomeController.m */ = {isa = PBXFileReference; lastKnownFileType = sourcecode.c.objc; path = HomeController.m; sourceTree = "<group>"; };
		96CF333D29D453CC00AB1783 /* home.app */ = {isa = PBXFileReference; explicitFileType = wrapper.application; includeInIndex = 0; path = home.app; sourceTree = BUILT_PRODUCTS_DIR; };
		96CF334029D453CC00AB1783 /* AppDelegate.h */ = {isa = PBXFileReference; lastKnownFileType = sourcecode.c.h; path = AppDelegate.h; sourceTree = "<group>"; };
		96CF334129D453CC00AB1783 /* AppDelegate.m */ = {isa = PBXFileReference; lastKnownFileType = sourcecode.c.objc; path = AppDelegate.m; sourceTree = "<group>"; };
		96CF334329D453CC00AB1783 /* SceneDelegate.h */ = {isa = PBXFileReference; lastKnownFileType = sourcecode.c.h; path = SceneDelegate.h; sourceTree = "<group>"; };
		96CF334429D453CC00AB1783 /* SceneDelegate.m */ = {isa = PBXFileReference; lastKnownFileType = sourcecode.c.objc; path = SceneDelegate.m; sourceTree = "<group>"; };
		96CF334629D453CC00AB1783 /* ViewController.h */ = {isa = PBXFileReference; lastKnownFileType = sourcecode.c.h; path = ViewController.h; sourceTree = "<group>"; };
		96CF334729D453CC00AB1783 /* ViewController.m */ = {isa = PBXFileReference; lastKnownFileType = sourcecode.c.objc; path = ViewController.m; sourceTree = "<group>"; };
		96CF334A29D453CC00AB1783 /* Base */ = {isa = PBXFileReference; lastKnownFileType = file.storyboard; name = Base; path = Base.lproj/Main.storyboard; sourceTree = "<group>"; };
		96CF334C29D453CD00AB1783 /* Assets.xcassets */ = {isa = PBXFileReference; lastKnownFileType = folder.assetcatalog; path = Assets.xcassets; sourceTree = "<group>"; };
		96CF334F29D453CD00AB1783 /* Base */ = {isa = PBXFileReference; lastKnownFileType = file.storyboard; name = Base; path = Base.lproj/LaunchScreen.storyboard; sourceTree = "<group>"; };
		96CF335129D453CD00AB1783 /* Info.plist */ = {isa = PBXFileReference; lastKnownFileType = text.plist.xml; path = Info.plist; sourceTree = "<group>"; };
		96CF335229D453CD00AB1783 /* main.m */ = {isa = PBXFileReference; lastKnownFileType = sourcecode.c.objc; path = main.m; sourceTree = "<group>"; };
		96CF335829D453CD00AB1783 /* homeTests.xctest */ = {isa = PBXFileReference; explicitFileType = wrapper.cfbundle; includeInIndex = 0; path = homeTests.xctest; sourceTree = BUILT_PRODUCTS_DIR; };
		96CF335C29D453CD00AB1783 /* homeTests.m */ = {isa = PBXFileReference; lastKnownFileType = sourcecode.c.objc; path = homeTests.m; sourceTree = "<group>"; };
		96CF336229D453CD00AB1783 /* homeUITests.xctest */ = {isa = PBXFileReference; explicitFileType = wrapper.cfbundle; includeInIndex = 0; path = homeUITests.xctest; sourceTree = BUILT_PRODUCTS_DIR; };
		96CF336629D453CD00AB1783 /* homeUITests.m */ = {isa = PBXFileReference; lastKnownFileType = sourcecode.c.objc; path = homeUITests.m; sourceTree = "<group>"; };
		96CF336829D453CD00AB1783 /* homeUITestsLaunchTests.m */ = {isa = PBXFileReference; lastKnownFileType = sourcecode.c.objc; path = homeUITestsLaunchTests.m; sourceTree = "<group>"; };
		96FCF11629FBB03A000DD6DE /* Constant.h */ = {isa = PBXFileReference; lastKnownFileType = sourcecode.c.h; path = Constant.h; sourceTree = "<group>"; };
		96FCF11829FBB0F1000DD6DE /* PackagesDetailCell.m */ = {isa = PBXFileReference; fileEncoding = 4; lastKnownFileType = sourcecode.c.objc; path = PackagesDetailCell.m; sourceTree = "<group>"; };
		96FCF11929FBB0F1000DD6DE /* PackagesDetailHeaderCell.h */ = {isa = PBXFileReference; fileEncoding = 4; lastKnownFileType = sourcecode.c.h; path = PackagesDetailHeaderCell.h; sourceTree = "<group>"; };
		96FCF11A29FBB0F1000DD6DE /* PackagesDetailCCell.m */ = {isa = PBXFileReference; fileEncoding = 4; lastKnownFileType = sourcecode.c.objc; path = PackagesDetailCCell.m; sourceTree = "<group>"; };
		96FCF11B29FBB0F1000DD6DE /* PackagesDetailCell.h */ = {isa = PBXFileReference; fileEncoding = 4; lastKnownFileType = sourcecode.c.h; path = PackagesDetailCell.h; sourceTree = "<group>"; };
		96FCF11C29FBB0F1000DD6DE /* PackagesDetailHeaderCell.m */ = {isa = PBXFileReference; fileEncoding = 4; lastKnownFileType = sourcecode.c.objc; path = PackagesDetailHeaderCell.m; sourceTree = "<group>"; };
		96FCF11D29FBB0F1000DD6DE /* PackagesDetailCCell.h */ = {isa = PBXFileReference; fileEncoding = 4; lastKnownFileType = sourcecode.c.h; path = PackagesDetailCCell.h; sourceTree = "<group>"; };
		96FCF12129FBB1B0000DD6DE /* 123.jpg */ = {isa = PBXFileReference; lastKnownFileType = image.jpeg; path = 123.jpg; sourceTree = "<group>"; };
		96FCF12229FBB1B0000DD6DE /* test.jpg */ = {isa = PBXFileReference; lastKnownFileType = image.jpeg; path = test.jpg; sourceTree = "<group>"; };
		96FCF12529FBB419000DD6DE /* README.md */ = {isa = PBXFileReference; lastKnownFileType = net.daringfireball.markdown; path = README.md; sourceTree = "<group>"; };
/* End PBXFileReference section */

/* Begin PBXFrameworksBuildPhase section */
		96CF333A29D453CC00AB1783 /* Frameworks */ = {
			isa = PBXFrameworksBuildPhase;
			buildActionMask = 2147483647;
			files = (
			);
			runOnlyForDeploymentPostprocessing = 0;
		};
		96CF335529D453CD00AB1783 /* Frameworks */ = {
			isa = PBXFrameworksBuildPhase;
			buildActionMask = 2147483647;
			files = (
			);
			runOnlyForDeploymentPostprocessing = 0;
		};
		96CF335F29D453CD00AB1783 /* Frameworks */ = {
			isa = PBXFrameworksBuildPhase;
			buildActionMask = 2147483647;
			files = (
			);
			runOnlyForDeploymentPostprocessing = 0;
		};
/* End PBXFrameworksBuildPhase section */

/* Begin PBXGroup section */
		962CC2D929D6709700048209 /* component */ = {
			isa = PBXGroup;
			children = (
				962CC2EC29D670E400048209 /* AButton.h */,
				962CC2ED29D670E400048209 /* AButton.m */,
				962CC2F129D670E400048209 /* AFourPingTransition.h */,
				962CC2F029D670E400048209 /* AFourPingTransition.m */,
				962CC2EE29D670E400048209 /* ATextField.h */,
				962CC2EF29D670E400048209 /* ATextField.m */,
			);
			path = component;
			sourceTree = "<group>";
		};
		962CC2E029D6709700048209 /* permission */ = {
			isa = PBXGroup;
			children = (
			);
			path = permission;
			sourceTree = "<group>";
		};
		962CC2E129D6709700048209 /* home */ = {
			isa = PBXGroup;
			children = (
				96FCF11729FBB0F1000DD6DE /* Cell */,
				962CC2F529D6758300048209 /* HomeController.h */,
				962CC2F629D6759500048209 /* HomeController.m */,
				96FCF11629FBB03A000DD6DE /* Constant.h */,
			);
			path = home;
			sourceTree = "<group>";
		};
		962CC2E229D6709700048209 /* data */ = {
			isa = PBXGroup;
			children = (
			);
			path = data;
			sourceTree = "<group>";
		};
		962CC2E329D6709700048209 /* login */ = {
			isa = PBXGroup;
			children = (
				962CC2E529D6709700048209 /* LoginController.h */,
				962CC2E429D6709700048209 /* LoginController.m */,
			);
			path = login;
			sourceTree = "<group>";
		};
		962CC2E629D6709700048209 /* model */ = {
			isa = PBXGroup;
			children = (
			);
			path = model;
			sourceTree = "<group>";
		};
		962CC2E729D6709700048209 /* guide */ = {
			isa = PBXGroup;
			children = (
			);
			path = guide;
			sourceTree = "<group>";
		};
		96CF333429D453CC00AB1783 = {
			isa = PBXGroup;
			children = (
				96FCF12529FBB419000DD6DE /* README.md */,
				96CF333F29D453CC00AB1783 /* home */,
				96CF335B29D453CD00AB1783 /* homeTests */,
				96CF336529D453CD00AB1783 /* homeUITests */,
				96CF333E29D453CC00AB1783 /* Products */,
			);
			sourceTree = "<group>";
		};
		96CF333E29D453CC00AB1783 /* Products */ = {
			isa = PBXGroup;
			children = (
				96CF333D29D453CC00AB1783 /* home.app */,
				96CF335829D453CD00AB1783 /* homeTests.xctest */,
				96CF336229D453CD00AB1783 /* homeUITests.xctest */,
			);
			name = Products;
			sourceTree = "<group>";
		};
		96CF333F29D453CC00AB1783 /* home */ = {
			isa = PBXGroup;
			children = (
				96FCF12129FBB1B0000DD6DE /* 123.jpg */,
				96FCF12229FBB1B0000DD6DE /* test.jpg */,
				962CC2D929D6709700048209 /* component */,
				962CC2E229D6709700048209 /* data */,
				962CC2E729D6709700048209 /* guide */,
				962CC2E129D6709700048209 /* home */,
				962CC2E329D6709700048209 /* login */,
				962CC2E629D6709700048209 /* model */,
				962CC2E029D6709700048209 /* permission */,
				96CF334029D453CC00AB1783 /* AppDelegate.h */,
				96CF334129D453CC00AB1783 /* AppDelegate.m */,
				96CF334329D453CC00AB1783 /* SceneDelegate.h */,
				96CF334429D453CC00AB1783 /* SceneDelegate.m */,
				96CF334629D453CC00AB1783 /* ViewController.h */,
				96CF334729D453CC00AB1783 /* ViewController.m */,
				96CF334929D453CC00AB1783 /* Main.storyboard */,
				96CF334C29D453CD00AB1783 /* Assets.xcassets */,
				96CF334E29D453CD00AB1783 /* LaunchScreen.storyboard */,
				96CF335129D453CD00AB1783 /* Info.plist */,
				96CF335229D453CD00AB1783 /* main.m */,
			);
			path = home;
			sourceTree = "<group>";
		};
		96CF335B29D453CD00AB1783 /* homeTests */ = {
			isa = PBXGroup;
			children = (
				96CF335C29D453CD00AB1783 /* homeTests.m */,
			);
			path = homeTests;
			sourceTree = "<group>";
		};
		96CF336529D453CD00AB1783 /* homeUITests */ = {
			isa = PBXGroup;
			children = (
				96CF336629D453CD00AB1783 /* homeUITests.m */,
				96CF336829D453CD00AB1783 /* homeUITestsLaunchTests.m */,
			);
			path = homeUITests;
			sourceTree = "<group>";
		};
		96FCF11729FBB0F1000DD6DE /* Cell */ = {
			isa = PBXGroup;
			children = (
				96FCF11829FBB0F1000DD6DE /* PackagesDetailCell.m */,
				96FCF11929FBB0F1000DD6DE /* PackagesDetailHeaderCell.h */,
				96FCF11A29FBB0F1000DD6DE /* PackagesDetailCCell.m */,
				96FCF11B29FBB0F1000DD6DE /* PackagesDetailCell.h */,
				96FCF11C29FBB0F1000DD6DE /* PackagesDetailHeaderCell.m */,
				96FCF11D29FBB0F1000DD6DE /* PackagesDetailCCell.h */,
			);
			path = Cell;
			sourceTree = "<group>";
		};
/* End PBXGroup section */

/* Begin PBXNativeTarget section */
		96CF333C29D453CC00AB1783 /* home */ = {
			isa = PBXNativeTarget;
			buildConfigurationList = 96CF336C29D453CD00AB1783 /* Build configuration list for PBXNativeTarget "home" */;
			buildPhases = (
				96CF333929D453CC00AB1783 /* Sources */,
				96CF333A29D453CC00AB1783 /* Frameworks */,
				96CF333B29D453CC00AB1783 /* Resources */,
			);
			buildRules = (
			);
			dependencies = (
			);
			name = home;
			productName = home;
			productReference = 96CF333D29D453CC00AB1783 /* home.app */;
			productType = "com.apple.product-type.application";
		};
		96CF335729D453CD00AB1783 /* homeTests */ = {
			isa = PBXNativeTarget;
			buildConfigurationList = 96CF336F29D453CD00AB1783 /* Build configuration list for PBXNativeTarget "homeTests" */;
			buildPhases = (
				96CF335429D453CD00AB1783 /* Sources */,
				96CF335529D453CD00AB1783 /* Frameworks */,
				96CF335629D453CD00AB1783 /* Resources */,
			);
			buildRules = (
			);
			dependencies = (
				96CF335A29D453CD00AB1783 /* PBXTargetDependency */,
			);
			name = homeTests;
			productName = homeTests;
			productReference = 96CF335829D453CD00AB1783 /* homeTests.xctest */;
			productType = "com.apple.product-type.bundle.unit-test";
		};
		96CF336129D453CD00AB1783 /* homeUITests */ = {
			isa = PBXNativeTarget;
			buildConfigurationList = 96CF337229D453CD00AB1783 /* Build configuration list for PBXNativeTarget "homeUITests" */;
			buildPhases = (
				96CF335E29D453CD00AB1783 /* Sources */,
				96CF335F29D453CD00AB1783 /* Frameworks */,
				96CF336029D453CD00AB1783 /* Resources */,
			);
			buildRules = (
			);
			dependencies = (
				96CF336429D453CD00AB1783 /* PBXTargetDependency */,
			);
			name = homeUITests;
			productName = homeUITests;
			productReference = 96CF336229D453CD00AB1783 /* homeUITests.xctest */;
			productType = "com.apple.product-type.bundle.ui-testing";
		};
/* End PBXNativeTarget section */

/* Begin PBXProject section */
		96CF333529D453CC00AB1783 /* Project object */ = {
			isa = PBXProject;
			attributes = {
				BuildIndependentTargetsInParallel = 1;
				LastUpgradeCheck = 1410;
				TargetAttributes = {
					96CF333C29D453CC00AB1783 = {
						CreatedOnToolsVersion = 14.1;
					};
					96CF335729D453CD00AB1783 = {
						CreatedOnToolsVersion = 14.1;
						TestTargetID = 96CF333C29D453CC00AB1783;
					};
					96CF336129D453CD00AB1783 = {
						CreatedOnToolsVersion = 14.1;
						TestTargetID = 96CF333C29D453CC00AB1783;
					};
				};
			};
			buildConfigurationList = 96CF333829D453CC00AB1783 /* Build configuration list for PBXProject "home" */;
			compatibilityVersion = "Xcode 14.0";
			developmentRegion = en;
			hasScannedForEncodings = 0;
			knownRegions = (
				en,
				Base,
			);
			mainGroup = 96CF333429D453CC00AB1783;
			productRefGroup = 96CF333E29D453CC00AB1783 /* Products */;
			projectDirPath = "";
			projectRoot = "";
			targets = (
				96CF333C29D453CC00AB1783 /* home */,
				96CF335729D453CD00AB1783 /* homeTests */,
				96CF336129D453CD00AB1783 /* homeUITests */,
			);
		};
/* End PBXProject section */

/* Begin PBXResourcesBuildPhase section */
		96CF333B29D453CC00AB1783 /* Resources */ = {
			isa = PBXResourcesBuildPhase;
			buildActionMask = 2147483647;
			files = (
				96FCF12329FBB1B0000DD6DE /* 123.jpg in Resources */,
				96FCF12429FBB1B0000DD6DE /* test.jpg in Resources */,
				96CF335029D453CD00AB1783 /* LaunchScreen.storyboard in Resources */,
				96CF334D29D453CD00AB1783 /* Assets.xcassets in Resources */,
				96CF334B29D453CC00AB1783 /* Main.storyboard in Resources */,
			);
			runOnlyForDeploymentPostprocessing = 0;
		};
		96CF335629D453CD00AB1783 /* Resources */ = {
			isa = PBXResourcesBuildPhase;
			buildActionMask = 2147483647;
			files = (
			);
			runOnlyForDeploymentPostprocessing = 0;
		};
		96CF336029D453CD00AB1783 /* Resources */ = {
			isa = PBXResourcesBuildPhase;
			buildActionMask = 2147483647;
			files = (
			);
			runOnlyForDeploymentPostprocessing = 0;
		};
/* End PBXResourcesBuildPhase section */

/* Begin PBXSourcesBuildPhase section */
		96CF333929D453CC00AB1783 /* Sources */ = {
			isa = PBXSourcesBuildPhase;
			buildActionMask = 2147483647;
			files = (
				96FCF12029FBB0F1000DD6DE /* PackagesDetailHeaderCell.m in Sources */,
				96CF334829D453CC00AB1783 /* ViewController.m in Sources */,
				962CC2F229D670E400048209 /* AButton.m in Sources */,
				96CF334229D453CC00AB1783 /* AppDelegate.m in Sources */,
				962CC2F329D670E400048209 /* ATextField.m in Sources */,
				962CC2F429D670E400048209 /* AFourPingTransition.m in Sources */,
				96CF335329D453CD00AB1783 /* main.m in Sources */,
				96CF334529D453CC00AB1783 /* SceneDelegate.m in Sources */,
				96FCF11F29FBB0F1000DD6DE /* PackagesDetailCCell.m in Sources */,
				962CC2F729D6759500048209 /* HomeController.m in Sources */,
				962CC2EB29D6709700048209 /* LoginController.m in Sources */,
				96FCF11E29FBB0F1000DD6DE /* PackagesDetailCell.m in Sources */,
			);
			runOnlyForDeploymentPostprocessing = 0;
		};
		96CF335429D453CD00AB1783 /* Sources */ = {
			isa = PBXSourcesBuildPhase;
			buildActionMask = 2147483647;
			files = (
				96CF335D29D453CD00AB1783 /* homeTests.m in Sources */,
			);
			runOnlyForDeploymentPostprocessing = 0;
		};
		96CF335E29D453CD00AB1783 /* Sources */ = {
			isa = PBXSourcesBuildPhase;
			buildActionMask = 2147483647;
			files = (
				96CF336729D453CD00AB1783 /* homeUITests.m in Sources */,
				96CF336929D453CD00AB1783 /* homeUITestsLaunchTests.m in Sources */,
			);
			runOnlyForDeploymentPostprocessing = 0;
		};
/* End PBXSourcesBuildPhase section */

/* Begin PBXTargetDependency section */
		96CF335A29D453CD00AB1783 /* PBXTargetDependency */ = {
			isa = PBXTargetDependency;
			target = 96CF333C29D453CC00AB1783 /* home */;
			targetProxy = 96CF335929D453CD00AB1783 /* PBXContainerItemProxy */;
		};
		96CF336429D453CD00AB1783 /* PBXTargetDependency */ = {
			isa = PBXTargetDependency;
			target = 96CF333C29D453CC00AB1783 /* home */;
			targetProxy = 96CF336329D453CD00AB1783 /* PBXContainerItemProxy */;
		};
/* End PBXTargetDependency section */

/* Begin PBXVariantGroup section */
		96CF334929D453CC00AB1783 /* Main.storyboard */ = {
			isa = PBXVariantGroup;
			children = (
				96CF334A29D453CC00AB1783 /* Base */,
			);
			name = Main.storyboard;
			sourceTree = "<group>";
		};
		96CF334E29D453CD00AB1783 /* LaunchScreen.storyboard */ = {
			isa = PBXVariantGroup;
			children = (
				96CF334F29D453CD00AB1783 /* Base */,
			);
			name = LaunchScreen.storyboard;
			sourceTree = "<group>";
		};
/* End PBXVariantGroup section */

/* Begin XCBuildConfiguration section */
		96CF336A29D453CD00AB1783 /* Debug */ = {
			isa = XCBuildConfiguration;
			buildSettings = {
				ALWAYS_SEARCH_USER_PATHS = NO;
				CLANG_ANALYZER_NONNULL = YES;
				CLANG_ANALYZER_NUMBER_OBJECT_CONVERSION = YES_AGGRESSIVE;
				CLANG_CXX_LANGUAGE_STANDARD = "gnu++20";
				CLANG_ENABLE_MODULES = YES;
				CLANG_ENABLE_OBJC_ARC = YES;
				CLANG_ENABLE_OBJC_WEAK = YES;
				CLANG_WARN_BLOCK_CAPTURE_AUTORELEASING = YES;
				CLANG_WARN_BOOL_CONVERSION = YES;
				CLANG_WARN_COMMA = YES;
				CLANG_WARN_CONSTANT_CONVERSION = YES;
				CLANG_WARN_DEPRECATED_OBJC_IMPLEMENTATIONS = YES;
				CLANG_WARN_DIRECT_OBJC_ISA_USAGE = YES_ERROR;
				CLANG_WARN_DOCUMENTATION_COMMENTS = YES;
				CLANG_WARN_EMPTY_BODY = YES;
				CLANG_WARN_ENUM_CONVERSION = YES;
				CLANG_WARN_INFINITE_RECURSION = YES;
				CLANG_WARN_INT_CONVERSION = YES;
				CLANG_WARN_NON_LITERAL_NULL_CONVERSION = YES;
				CLANG_WARN_OBJC_IMPLICIT_RETAIN_SELF = YES;
				CLANG_WARN_OBJC_LITERAL_CONVERSION = YES;
				CLANG_WARN_OBJC_ROOT_CLASS = YES_ERROR;
				CLANG_WARN_QUOTED_INCLUDE_IN_FRAMEWORK_HEADER = YES;
				CLANG_WARN_RANGE_LOOP_ANALYSIS = YES;
				CLANG_WARN_STRICT_PROTOTYPES = YES;
				CLANG_WARN_SUSPICIOUS_MOVE = YES;
				CLANG_WARN_UNGUARDED_AVAILABILITY = YES_AGGRESSIVE;
				CLANG_WARN_UNREACHABLE_CODE = YES;
				CLANG_WARN__DUPLICATE_METHOD_MATCH = YES;
				COPY_PHASE_STRIP = NO;
				DEBUG_INFORMATION_FORMAT = dwarf;
				ENABLE_STRICT_OBJC_MSGSEND = YES;
				ENABLE_TESTABILITY = YES;
				GCC_C_LANGUAGE_STANDARD = gnu11;
				GCC_DYNAMIC_NO_PIC = NO;
				GCC_NO_COMMON_BLOCKS = YES;
				GCC_OPTIMIZATION_LEVEL = 0;
				GCC_PREPROCESSOR_DEFINITIONS = (
					"DEBUG=1",
					"$(inherited)",
				);
				GCC_WARN_64_TO_32_BIT_CONVERSION = YES;
				GCC_WARN_ABOUT_RETURN_TYPE = YES_ERROR;
				GCC_WARN_UNDECLARED_SELECTOR = YES;
				GCC_WARN_UNINITIALIZED_AUTOS = YES_AGGRESSIVE;
				GCC_WARN_UNUSED_FUNCTION = YES;
				GCC_WARN_UNUSED_VARIABLE = YES;
				IPHONEOS_DEPLOYMENT_TARGET = 16.1;
				MTL_ENABLE_DEBUG_INFO = INCLUDE_SOURCE;
				MTL_FAST_MATH = YES;
				ONLY_ACTIVE_ARCH = YES;
				SDKROOT = iphoneos;
			};
			name = Debug;
		};
		96CF336B29D453CD00AB1783 /* Release */ = {
			isa = XCBuildConfiguration;
			buildSettings = {
				ALWAYS_SEARCH_USER_PATHS = NO;
				CLANG_ANALYZER_NONNULL = YES;
				CLANG_ANALYZER_NUMBER_OBJECT_CONVERSION = YES_AGGRESSIVE;
				CLANG_CXX_LANGUAGE_STANDARD = "gnu++20";
				CLANG_ENABLE_MODULES = YES;
				CLANG_ENABLE_OBJC_ARC = YES;
				CLANG_ENABLE_OBJC_WEAK = YES;
				CLANG_WARN_BLOCK_CAPTURE_AUTORELEASING = YES;
				CLANG_WARN_BOOL_CONVERSION = YES;
				CLANG_WARN_COMMA = YES;
				CLANG_WARN_CONSTANT_CONVERSION = YES;
				CLANG_WARN_DEPRECATED_OBJC_IMPLEMENTATIONS = YES;
				CLANG_WARN_DIRECT_OBJC_ISA_USAGE = YES_ERROR;
				CLANG_WARN_DOCUMENTATION_COMMENTS = YES;
				CLANG_WARN_EMPTY_BODY = YES;
				CLANG_WARN_ENUM_CONVERSION = YES;
				CLANG_WARN_INFINITE_RECURSION = YES;
				CLANG_WARN_INT_CONVERSION = YES;
				CLANG_WARN_NON_LITERAL_NULL_CONVERSION = YES;
				CLANG_WARN_OBJC_IMPLICIT_RETAIN_SELF = YES;
				CLANG_WARN_OBJC_LITERAL_CONVERSION = YES;
				CLANG_WARN_OBJC_ROOT_CLASS = YES_ERROR;
				CLANG_WARN_QUOTED_INCLUDE_IN_FRAMEWORK_HEADER = YES;
				CLANG_WARN_RANGE_LOOP_ANALYSIS = YES;
				CLANG_WARN_STRICT_PROTOTYPES = YES;
				CLANG_WARN_SUSPICIOUS_MOVE = YES;
				CLANG_WARN_UNGUARDED_AVAILABILITY = YES_AGGRESSIVE;
				CLANG_WARN_UNREACHABLE_CODE = YES;
				CLANG_WARN__DUPLICATE_METHOD_MATCH = YES;
				COPY_PHASE_STRIP = NO;
				DEBUG_INFORMATION_FORMAT = "dwarf-with-dsym";
				ENABLE_NS_ASSERTIONS = NO;
				ENABLE_STRICT_OBJC_MSGSEND = YES;
				GCC_C_LANGUAGE_STANDARD = gnu11;
				GCC_NO_COMMON_BLOCKS = YES;
				GCC_WARN_64_TO_32_BIT_CONVERSION = YES;
				GCC_WARN_ABOUT_RETURN_TYPE = YES_ERROR;
				GCC_WARN_UNDECLARED_SELECTOR = YES;
				GCC_WARN_UNINITIALIZED_AUTOS = YES_AGGRESSIVE;
				GCC_WARN_UNUSED_FUNCTION = YES;
				GCC_WARN_UNUSED_VARIABLE = YES;
				IPHONEOS_DEPLOYMENT_TARGET = 16.1;
				MTL_ENABLE_DEBUG_INFO = NO;
				MTL_FAST_MATH = YES;
				SDKROOT = iphoneos;
				VALIDATE_PRODUCT = YES;
			};
			name = Release;
		};
		96CF336D29D453CD00AB1783 /* Debug */ = {
			isa = XCBuildConfiguration;
			buildSettings = {
				ASSETCATALOG_COMPILER_APPICON_NAME = AppIcon;
				ASSETCATALOG_COMPILER_GLOBAL_ACCENT_COLOR_NAME = AccentColor;
				CODE_SIGN_STYLE = Automatic;
				CURRENT_PROJECT_VERSION = 1;
				DEVELOPMENT_TEAM = JCRJJ4KUEQ;
				GENERATE_INFOPLIST_FILE = YES;
				INFOPLIST_FILE = home/Info.plist;
				INFOPLIST_KEY_UIApplicationSupportsIndirectInputEvents = YES;
				INFOPLIST_KEY_UILaunchStoryboardName = LaunchScreen;
				INFOPLIST_KEY_UIMainStoryboardFile = Main;
				INFOPLIST_KEY_UISupportedInterfaceOrientations_iPad = "UIInterfaceOrientationPortrait UIInterfaceOrientationPortraitUpsideDown UIInterfaceOrientationLandscapeLeft UIInterfaceOrientationLandscapeRight";
				INFOPLIST_KEY_UISupportedInterfaceOrientations_iPhone = "UIInterfaceOrientationPortrait UIInterfaceOrientationLandscapeLeft UIInterfaceOrientationLandscapeRight";
				LD_RUNPATH_SEARCH_PATHS = (
					"$(inherited)",
					"@executable_path/Frameworks",
				);
				MARKETING_VERSION = 1.0;
				PRODUCT_BUNDLE_IDENTIFIER = com.fuzhenfeng.art.home;
				PRODUCT_NAME = "$(TARGET_NAME)";
				SWIFT_EMIT_LOC_STRINGS = YES;
				TARGETED_DEVICE_FAMILY = "1,2";
			};
			name = Debug;
		};
		96CF336E29D453CD00AB1783 /* Release */ = {
			isa = XCBuildConfiguration;
			buildSettings = {
				ASSETCATALOG_COMPILER_APPICON_NAME = AppIcon;
				ASSETCATALOG_COMPILER_GLOBAL_ACCENT_COLOR_NAME = AccentColor;
				CODE_SIGN_STYLE = Automatic;
				CURRENT_PROJECT_VERSION = 1;
				DEVELOPMENT_TEAM = JCRJJ4KUEQ;
				GENERATE_INFOPLIST_FILE = YES;
				INFOPLIST_FILE = home/Info.plist;
				INFOPLIST_KEY_UIApplicationSupportsIndirectInputEvents = YES;
				INFOPLIST_KEY_UILaunchStoryboardName = LaunchScreen;
				INFOPLIST_KEY_UIMainStoryboardFile = Main;
				INFOPLIST_KEY_UISupportedInterfaceOrientations_iPad = "UIInterfaceOrientationPortrait UIInterfaceOrientationPortraitUpsideDown UIInterfaceOrientationLandscapeLeft UIInterfaceOrientationLandscapeRight";
				INFOPLIST_KEY_UISupportedInterfaceOrientations_iPhone = "UIInterfaceOrientationPortrait UIInterfaceOrientationLandscapeLeft UIInterfaceOrientationLandscapeRight";
				LD_RUNPATH_SEARCH_PATHS = (
					"$(inherited)",
					"@executable_path/Frameworks",
				);
				MARKETING_VERSION = 1.0;
				PRODUCT_BUNDLE_IDENTIFIER = com.fuzhenfeng.art.home;
				PRODUCT_NAME = "$(TARGET_NAME)";
				SWIFT_EMIT_LOC_STRINGS = YES;
				TARGETED_DEVICE_FAMILY = "1,2";
			};
			name = Release;
		};
		96CF337029D453CD00AB1783 /* Debug */ = {
			isa = XCBuildConfiguration;
			buildSettings = {
				BUNDLE_LOADER = "$(TEST_HOST)";
				CODE_SIGN_STYLE = Automatic;
				CURRENT_PROJECT_VERSION = 1;
				DEVELOPMENT_TEAM = JCRJJ4KUEQ;
				GENERATE_INFOPLIST_FILE = YES;
				IPHONEOS_DEPLOYMENT_TARGET = 16.1;
				MARKETING_VERSION = 1.0;
				PRODUCT_BUNDLE_IDENTIFIER = com.fuzhenfeng.art.homeTests;
				PRODUCT_NAME = "$(TARGET_NAME)";
				SWIFT_EMIT_LOC_STRINGS = NO;
				TARGETED_DEVICE_FAMILY = "1,2";
				TEST_HOST = "$(BUILT_PRODUCTS_DIR)/home.app/$(BUNDLE_EXECUTABLE_FOLDER_PATH)/home";
			};
			name = Debug;
		};
		96CF337129D453CD00AB1783 /* Release */ = {
			isa = XCBuildConfiguration;
			buildSettings = {
				BUNDLE_LOADER = "$(TEST_HOST)";
				CODE_SIGN_STYLE = Automatic;
				CURRENT_PROJECT_VERSION = 1;
				DEVELOPMENT_TEAM = JCRJJ4KUEQ;
				GENERATE_INFOPLIST_FILE = YES;
				IPHONEOS_DEPLOYMENT_TARGET = 16.1;
				MARKETING_VERSION = 1.0;
				PRODUCT_BUNDLE_IDENTIFIER = com.fuzhenfeng.art.homeTests;
				PRODUCT_NAME = "$(TARGET_NAME)";
				SWIFT_EMIT_LOC_STRINGS = NO;
				TARGETED_DEVICE_FAMILY = "1,2";
				TEST_HOST = "$(BUILT_PRODUCTS_DIR)/home.app/$(BUNDLE_EXECUTABLE_FOLDER_PATH)/home";
			};
			name = Release;
		};
		96CF337329D453CD00AB1783 /* Debug */ = {
			isa = XCBuildConfiguration;
			buildSettings = {
				CODE_SIGN_STYLE = Automatic;
				CURRENT_PROJECT_VERSION = 1;
				DEVELOPMENT_TEAM = JCRJJ4KUEQ;
				GENERATE_INFOPLIST_FILE = YES;
				MARKETING_VERSION = 1.0;
				PRODUCT_BUNDLE_IDENTIFIER = com.fuzhenfeng.art.homeUITests;
				PRODUCT_NAME = "$(TARGET_NAME)";
				SWIFT_EMIT_LOC_STRINGS = NO;
				TARGETED_DEVICE_FAMILY = "1,2";
				TEST_TARGET_NAME = home;
			};
			name = Debug;
		};
		96CF337429D453CD00AB1783 /* Release */ = {
			isa = XCBuildConfiguration;
			buildSettings = {
				CODE_SIGN_STYLE = Automatic;
				CURRENT_PROJECT_VERSION = 1;
				DEVELOPMENT_TEAM = JCRJJ4KUEQ;
				GENERATE_INFOPLIST_FILE = YES;
				MARKETING_VERSION = 1.0;
				PRODUCT_BUNDLE_IDENTIFIER = com.fuzhenfeng.art.homeUITests;
				PRODUCT_NAME = "$(TARGET_NAME)";
				SWIFT_EMIT_LOC_STRINGS = NO;
				TARGETED_DEVICE_FAMILY = "1,2";
				TEST_TARGET_NAME = home;
			};
			name = Release;
		};
/* End XCBuildConfiguration section */

/* Begin XCConfigurationList section */
		96CF333829D453CC00AB1783 /* Build configuration list for PBXProject "home" */ = {
			isa = XCConfigurationList;
			buildConfigurations = (
				96CF336A29D453CD00AB1783 /* Debug */,
				96CF336B29D453CD00AB1783 /* Release */,
			);
			defaultConfigurationIsVisible = 0;
			defaultConfigurationName = Release;
		};
		96CF336C29D453CD00AB1783 /* Build configuration list for PBXNativeTarget "home" */ = {
			isa = XCConfigurationList;
			buildConfigurations = (
				96CF336D29D453CD00AB1783 /* Debug */,
				96CF336E29D453CD00AB1783 /* Release */,
			);
			defaultConfigurationIsVisible = 0;
			defaultConfigurationName = Release;
		};
		96CF336F29D453CD00AB1783 /* Build configuration list for PBXNativeTarget "homeTests" */ = {
			isa = XCConfigurationList;
			buildConfigurations = (
				96CF337029D453CD00AB1783 /* Debug */,
				96CF337129D453CD00AB1783 /* Release */,
			);
			defaultConfigurationIsVisible = 0;
			defaultConfigurationName = Release;
		};
		96CF337229D453CD00AB1783 /* Build configuration list for PBXNativeTarget "homeUITests" */ = {
			isa = XCConfigurationList;
			buildConfigurations = (
				96CF337329D453CD00AB1783 /* Debug */,
				96CF337429D453CD00AB1783 /* Release */,
			);
			defaultConfigurationIsVisible = 0;
			defaultConfigurationName = Release;
		};
/* End XCConfigurationList section */
	};
	rootObject = 96CF333529D453CC00AB1783 /* Project object */;
}
